
Microsoft Visual Studio Solution File, Format Version 12.00
# Visual Studio Version 17
VisualStudioVersion = 17.6.33712.159
MinimumVisualStudioVersion = 10.0.40219.1
Project("{FAE04EC0-301F-11D3-BF4B-00C04F79EFBC}") = "SF2MConfigRewriteV2", "SF2MConfigRewriteV2.csproj", "{2973D144-5939-432F-BF4C-72AEAB1E1372}"
EndProject
Global
	GlobalSection(SolutionConfigurationPlatforms) = preSolution
		Debug|Any CPU = Debug|Any CPU
		Release|Any CPU = Release|Any CPU
	EndGlobalSection
	GlobalSection(ProjectConfigurationPlatforms) = postSolution
		{2973D144-5939-432F-BF4C-72AEAB1E1372}.Debug|Any CPU.ActiveCfg = Debug|Any CPU
		{2973D144-5939-432F-BF4C-72AEAB1E1372}.Debug|Any CPU.Build.0 = Debug|Any CPU
		{2973D144-5939-432F-BF4C-72AEAB1E1372}.Release|Any CPU.ActiveCfg = Release|Any CPU
		{2973D144-5939-432F-BF4C-72AEAB1E1372}.Release|Any CPU.Build.0 = Release|Any CPU
	EndGlobalSection
	GlobalSection(SolutionProperties) = preSolution
		HideSolutionNode = FALSE
	EndGlobalSection
	GlobalSection(ExtensibilityGlobals) = postSolution
		SolutionGuid = {37A4FAF8-E632-4D2D-8B0B-A7942DC261D3}
	EndGlobalSection
EndGlobal
